
Microsoft Visual Studio Solution File, Format Version 12.00
# Visual Studio Version 16
VisualStudioVersion = 16.0.30804.86
MinimumVisualStudioVersion = 10.0.40219.1
Project("{8BC9CEB8-8B4A-11D0-8D11-00A0C91BC942}") = "count_sort", "count_sort.vcxproj", "{5A63267A-ED95-49DC-926B-F2E02FE73AEA}"
EndProject
Global
	GlobalSection(SolutionConfigurationPlatforms) = preSolution
		Debug|x64 = Debug|x64
		Debug|x86 = Debug|x86
		Release|x64 = Release|x64
		Release|x86 = Release|x86
	EndGlobalSection
	GlobalSection(ProjectConfigurationPlatforms) = postSolution
		{5A63267A-ED95-49DC-926B-F2E02FE73AEA}.Debug|x64.ActiveCfg = Debug|x64
		{5A63267A-ED95-49DC-926B-F2E02FE73AEA}.Debug|x64.Build.0 = Debug|x64
		{5A63267A-ED95-49DC-926B-F2E02FE73AEA}.Debug|x86.ActiveCfg = Debug|Win32
		{5A63267A-ED95-49DC-926B-F2E02FE73AEA}.Debug|x86.Build.0 = Debug|Win32
		{5A63267A-ED95-49DC-926B-F2E02FE73AEA}.Release|x64.ActiveCfg = Release|x64
		{5A63267A-ED95-49DC-926B-F2E02FE73AEA}.Release|x64.Build.0 = Release|x64
		{5A63267A-ED95-49DC-926B-F2E02FE73AEA}.Release|x86.ActiveCfg = Release|Win32
		{5A63267A-ED95-49DC-926B-F2E02FE73AEA}.Release|x86.Build.0 = Release|Win32
	EndGlobalSection
	GlobalSection(SolutionProperties) = preSolution
		HideSolutionNode = FALSE
	EndGlobalSection
	GlobalSection(ExtensibilityGlobals) = postSolution
		SolutionGuid = {45F36A5D-FC63-4F44-A753-A3D40C888E16}
	EndGlobalSection
EndGlobal
