
Microsoft Visual Studio Solution File, Format Version 12.00
# Visual Studio Version 16
VisualStudioVersion = 16.0.30804.86
MinimumVisualStudioVersion = 10.0.40219.1
Project("{8BC9CEB8-8B4A-11D0-8D11-00A0C91BC942}") = "insert_sort", "insert_sort.vcxproj", "{AE332D02-73F8-4F59-8D61-0C263B0CD513}"
EndProject
Global
	GlobalSection(SolutionConfigurationPlatforms) = preSolution
		Debug|x64 = Debug|x64
		Debug|x86 = Debug|x86
		Release|x64 = Release|x64
		Release|x86 = Release|x86
	EndGlobalSection
	GlobalSection(ProjectConfigurationPlatforms) = postSolution
		{AE332D02-73F8-4F59-8D61-0C263B0CD513}.Debug|x64.ActiveCfg = Debug|x64
		{AE332D02-73F8-4F59-8D61-0C263B0CD513}.Debug|x64.Build.0 = Debug|x64
		{AE332D02-73F8-4F59-8D61-0C263B0CD513}.Debug|x86.ActiveCfg = Debug|Win32
		{AE332D02-73F8-4F59-8D61-0C263B0CD513}.Debug|x86.Build.0 = Debug|Win32
		{AE332D02-73F8-4F59-8D61-0C263B0CD513}.Release|x64.ActiveCfg = Release|x64
		{AE332D02-73F8-4F59-8D61-0C263B0CD513}.Release|x64.Build.0 = Release|x64
		{AE332D02-73F8-4F59-8D61-0C263B0CD513}.Release|x86.ActiveCfg = Release|Win32
		{AE332D02-73F8-4F59-8D61-0C263B0CD513}.Release|x86.Build.0 = Release|Win32
	EndGlobalSection
	GlobalSection(SolutionProperties) = preSolution
		HideSolutionNode = FALSE
	EndGlobalSection
	GlobalSection(ExtensibilityGlobals) = postSolution
		SolutionGuid = {9E5B8C6A-1677-4395-8CF2-9EFA559F21BD}
	EndGlobalSection
EndGlobal
